hash: 036fecec60e32a2a46efcd15fe003849db291dd94a4ee0dcddec258b7adde275
updated: 2017-10-05T18:52:11.7838046+02:00
imports:
- name: github.com/go-resty/resty
  version: 9ac9c42358f7c3c69ac9f8610e8790d7c338e85d
- name: github.com/golang/protobuf
  version: 11b8df160996e00fd4b55cbaafb3d84ec6d50fa8
  subpackages:
  - proto
- name: github.com/gorilla/context
  version: 1ea25387ff6f684839d82767c1733ff4d4d15d0a
- name: github.com/gorilla/mux
  version: 392c28fe23e1c45ddba891b0320b3b5df220beea
- name: github.com/gorilla/securecookie
  version: e59506cc896acb7f7bf732d4fdf5e25f7ccd8983
- name: github.com/gorilla/sessions
  version: ca9ada44574153444b00d3fd9c8559e4cc95f896
- name: github.com/meatballhat/negroni-logrus
  version: 31067281800f66f57548a7a32d9c6c5f963fef83
- name: github.com/ory/common
  version: ba06ec2f738cb3a55608657c2e998a1eef675423
  subpackages:
  - env
- name: github.com/ory/hydra
  version: f8dd4a16e921b5cb798e7e1bc15867ab7ddb8863
  subpackages:
  - sdk
  - sdk/go/hydra
  - sdk/go/hydra/swagger
- name: github.com/pkg/errors
  version: 645ef00459ed84a119197bfb8d8205042c6df63d
- name: github.com/sirupsen/logrus
  version: 89742aefa4b206dcf400792f3bd35b542998eb3b
- name: github.com/urfave/negroni
  version: fde5e16d32adc7ad637e9cd9ad21d4ebc6192535
- name: golang.org/x/crypto
  version: faadfbdc035307d901e69eea569f5dda451a3ee3
  subpackages:
  - ssh/terminal
- name: golang.org/x/net
  version: 859d1a86bb617c0c20d154590c3c5d3fcb670b07
  subpackages:
  - context
  - context/ctxhttp
  - publicsuffix
- name: golang.org/x/oauth2
  version: 13449ad91cb26cb47661c1b080790392170385fd
  subpackages:
  - clientcredentials
  - internal
- name: golang.org/x/sys
  version: 062cd7e4e68206d8bab9b18396626e855c992658
  subpackages:
  - unix
  - windows
- name: google.golang.org/appengine
  version: d9a072cfa7b9736e44311ef77b3e09d804bfa599
  subpackages:
  - internal
  - internal/base
  - internal/datastore
  - internal/log
  - internal/remote_api
  - internal/urlfetch
  - urlfetch
testImports: []
